
Microsoft Visual Studio Solution File, Format Version 12.00
# Visual Studio Version 16
VisualStudioVersion = 16.0.28803.202
MinimumVisualStudioVersion = 10.0.40219.1
Project("{9A19103F-16F7-4668-BE54-9A1E7A4F7556}") = "Basics", "Basics\Basics.csproj", "{1C8F2E20-8345-4B6F-80B2-51BD62B1F20B}"
EndProject
Project("{9A19103F-16F7-4668-BE54-9A1E7A4F7556}") = "Numbers", "Numbers\Numbers.csproj", "{0D09603F-66DB-4511-B55B-56E4BEE4D32F}"
EndProject
Project("{9A19103F-16F7-4668-BE54-9A1E7A4F7556}") = "Variables", "Variables\Variables.csproj", "{2B95333E-F1CF-41B4-9834-3BC5A3D62188}"
EndProject
Project("{9A19103F-16F7-4668-BE54-9A1E7A4F7556}") = "Arguments", "Arguments\Arguments.csproj", "{E006DDAB-1BFF-416F-BBC8-7B4F97BC4793}"
EndProject
Project("{FAE04EC0-301F-11D3-BF4B-00C04F79EFBC}") = "Exercise02", "Exercise02\Exercise02.csproj", "{633797BE-96CD-4174-8A2E-3B1A0DF5A8C7}"
EndProject
Global
	GlobalSection(SolutionConfigurationPlatforms) = preSolution
		Debug|Any CPU = Debug|Any CPU
		Release|Any CPU = Release|Any CPU
	EndGlobalSection
	GlobalSection(ProjectConfigurationPlatforms) = postSolution
		{1C8F2E20-8345-4B6F-80B2-51BD62B1F20B}.Debug|Any CPU.ActiveCfg = Debug|Any CPU
		{1C8F2E20-8345-4B6F-80B2-51BD62B1F20B}.Debug|Any CPU.Build.0 = Debug|Any CPU
		{1C8F2E20-8345-4B6F-80B2-51BD62B1F20B}.Release|Any CPU.ActiveCfg = Release|Any CPU
		{1C8F2E20-8345-4B6F-80B2-51BD62B1F20B}.Release|Any CPU.Build.0 = Release|Any CPU
		{0D09603F-66DB-4511-B55B-56E4BEE4D32F}.Debug|Any CPU.ActiveCfg = Debug|Any CPU
		{0D09603F-66DB-4511-B55B-56E4BEE4D32F}.Debug|Any CPU.Build.0 = Debug|Any CPU
		{0D09603F-66DB-4511-B55B-56E4BEE4D32F}.Release|Any CPU.ActiveCfg = Release|Any CPU
		{0D09603F-66DB-4511-B55B-56E4BEE4D32F}.Release|Any CPU.Build.0 = Release|Any CPU
		{2B95333E-F1CF-41B4-9834-3BC5A3D62188}.Debug|Any CPU.ActiveCfg = Debug|Any CPU
		{2B95333E-F1CF-41B4-9834-3BC5A3D62188}.Debug|Any CPU.Build.0 = Debug|Any CPU
		{2B95333E-F1CF-41B4-9834-3BC5A3D62188}.Release|Any CPU.ActiveCfg = Release|Any CPU
		{2B95333E-F1CF-41B4-9834-3BC5A3D62188}.Release|Any CPU.Build.0 = Release|Any CPU
		{E006DDAB-1BFF-416F-BBC8-7B4F97BC4793}.Debug|Any CPU.ActiveCfg = Debug|Any CPU
		{E006DDAB-1BFF-416F-BBC8-7B4F97BC4793}.Debug|Any CPU.Build.0 = Debug|Any CPU
		{E006DDAB-1BFF-416F-BBC8-7B4F97BC4793}.Release|Any CPU.ActiveCfg = Release|Any CPU
		{E006DDAB-1BFF-416F-BBC8-7B4F97BC4793}.Release|Any CPU.Build.0 = Release|Any CPU
		{633797BE-96CD-4174-8A2E-3B1A0DF5A8C7}.Debug|Any CPU.ActiveCfg = Debug|Any CPU
		{633797BE-96CD-4174-8A2E-3B1A0DF5A8C7}.Debug|Any CPU.Build.0 = Debug|Any CPU
		{633797BE-96CD-4174-8A2E-3B1A0DF5A8C7}.Release|Any CPU.ActiveCfg = Release|Any CPU
		{633797BE-96CD-4174-8A2E-3B1A0DF5A8C7}.Release|Any CPU.Build.0 = Release|Any CPU
	EndGlobalSection
	GlobalSection(SolutionProperties) = preSolution
		HideSolutionNode = FALSE
	EndGlobalSection
	GlobalSection(ExtensibilityGlobals) = postSolution
		SolutionGuid = {B76EA823-E70C-4591-80D4-EB5D5F59F955}
	EndGlobalSection
EndGlobal
