
Microsoft Visual Studio Solution File, Format Version 12.00
# Visual Studio Version 16
VisualStudioVersion = 16.0.28803.202
MinimumVisualStudioVersion = 10.0.40219.1
Project("{9A19103F-16F7-4668-BE54-9A1E7A4F7556}") = "New-dotNetCore", "New-dotNetCore\New-dotNetCore.csproj", "{B22ACF9E-EB8D-45E9-923A-4A18BDF701B7}"
EndProject
Global
	GlobalSection(SolutionConfigurationPlatforms) = preSolution
		Debug|Any CPU = Debug|Any CPU
		Release|Any CPU = Release|Any CPU
	EndGlobalSection
	GlobalSection(ProjectConfigurationPlatforms) = postSolution
		{B22ACF9E-EB8D-45E9-923A-4A18BDF701B7}.Debug|Any CPU.ActiveCfg = Debug|Any CPU
		{B22ACF9E-EB8D-45E9-923A-4A18BDF701B7}.Debug|Any CPU.Build.0 = Debug|Any CPU
		{B22ACF9E-EB8D-45E9-923A-4A18BDF701B7}.Release|Any CPU.ActiveCfg = Release|Any CPU
		{B22ACF9E-EB8D-45E9-923A-4A18BDF701B7}.Release|Any CPU.Build.0 = Release|Any CPU
	EndGlobalSection
	GlobalSection(SolutionProperties) = preSolution
		HideSolutionNode = FALSE
	EndGlobalSection
	GlobalSection(ExtensibilityGlobals) = postSolution
		SolutionGuid = {9DEB8A98-0002-448C-8D4B-64A41368960B}
	EndGlobalSection
EndGlobal
